{
  "name": "@viktorsebok/npm-test-package-b",
  "version": "1.0.0",
  "lockfileVersion": 2,
  "requires": true,
  "packages": {
    "": {
      "name": "@viktorsebok/npm-test-package-b",
      "version": "1.0.0",
      "bundleDependencies": [
        "@viktorsebok/npm-test-package-a"
      ],
      "license": "ISC",
      "dependencies": {
        "@viktorsebok/npm-test-package-a": "^1.0.0"
      }
    },
    "node_modules/@viktorsebok/npm-test-package-a": {
      "version": "1.0.0",
      "resolved": "https://npm.pkg.github.com/download/@viktorsebok/npm-test-package-a/1.0.0/b025511f6212079fd5de6f543bdf4d1ac2e3cb19687703dab3e05e1219920b4c",
      "integrity": "sha512-Qpvx0JTwV/ZB4MfEGGcNeYqBNasIsAdJs+dLSUkqCVCTqruRN4KnOhal4VM87hJFBmbsyrqaIb8ZRVaHqbh05Q==",
      "inBundle": true,
      "license": "ISC"
    }
  },
  "dependencies": {
    "@viktorsebok/npm-test-package-a": {
      "version": "1.0.0",
      "resolved": "https://npm.pkg.github.com/download/@viktorsebok/npm-test-package-a/1.0.0/b025511f6212079fd5de6f543bdf4d1ac2e3cb19687703dab3e05e1219920b4c",
      "integrity": "sha512-Qpvx0JTwV/ZB4MfEGGcNeYqBNasIsAdJs+dLSUkqCVCTqruRN4KnOhal4VM87hJFBmbsyrqaIb8ZRVaHqbh05Q=="
    }
  }
}
