{
    "name": "@viktorsebok/npm-test-package-b",
    "version": "1.0.1",
    "lockfileVersion": 2,
    "requires": true,
    "packages": {
        "": {
            "name": "@viktorsebok/npm-test-package-b",
            "version": "1.0.1",
            "bundleDependencies": [
                "@viktorsebok/npm-test-package-a"
            ],
            "license": "ISC",
            "dependencies": {
                "@viktorsebok/npm-test-package-a": "^1.0.2"
            }
        },
        "node_modules/@viktorsebok/npm-test-package-a": {
            "version": "1.0.2",
            "resolved": "https://npm.pkg.github.com/download/@viktorsebok/npm-test-package-a/1.0.2/7ef075f6c2ec9a0ff9275a3e3700a74a7c65d67d",
            "integrity": "sha512-4a8f71r074VFiuFmbdUsGplQ7sCz9ZXhKxAIK8s2Mqdv2mIsJo64srNY4zJge368TPIF98kDsmlNVqZFcs64Nw==",
            "inBundle": true,
            "license": "ISC"
        }
    },
    "dependencies": {
        "@viktorsebok/npm-test-package-a": {
            "version": "1.0.2",
            "resolved": "https://npm.pkg.github.com/download/@viktorsebok/npm-test-package-a/1.0.2/7ef075f6c2ec9a0ff9275a3e3700a74a7c65d67d",
            "integrity": "sha512-4a8f71r074VFiuFmbdUsGplQ7sCz9ZXhKxAIK8s2Mqdv2mIsJo64srNY4zJge368TPIF98kDsmlNVqZFcs64Nw=="
        }
    }
}
